
Microsoft Visual Studio Solution File, Format Version 12.00
# Visual Studio Version 16
VisualStudioVersion = 16.0.30611.23
MinimumVisualStudioVersion = 10.0.40219.1
Project("{FAE04EC0-301F-11D3-BF4B-00C04F79EFBC}") = "Skak", "Skak\Skak.csproj", "{0F2CCA8E-189B-4215-BBA8-112291EF4C70}"
EndProject
Global
	GlobalSection(SolutionConfigurationPlatforms) = preSolution
		Debug|Any CPU = Debug|Any CPU
		Release|Any CPU = Release|Any CPU
	EndGlobalSection
	GlobalSection(ProjectConfigurationPlatforms) = postSolution
		{0F2CCA8E-189B-4215-BBA8-112291EF4C70}.Debug|Any CPU.ActiveCfg = Debug|Any CPU
		{0F2CCA8E-189B-4215-BBA8-112291EF4C70}.Debug|Any CPU.Build.0 = Debug|Any CPU
		{0F2CCA8E-189B-4215-BBA8-112291EF4C70}.Release|Any CPU.ActiveCfg = Release|Any CPU
		{0F2CCA8E-189B-4215-BBA8-112291EF4C70}.Release|Any CPU.Build.0 = Release|Any CPU
	EndGlobalSection
	GlobalSection(SolutionProperties) = preSolution
		HideSolutionNode = FALSE
	EndGlobalSection
	GlobalSection(ExtensibilityGlobals) = postSolution
		SolutionGuid = {8E4622E3-A1B1-4FD8-89FE-F2A1F3923FEE}
	EndGlobalSection
EndGlobal
